
Microsoft Visual Studio Solution File, Format Version 12.00
# Visual Studio for Mac
Project("{FAE04EC0-301F-11D3-BF4B-00C04F79EFBC}") = "Assembly-CSharp", "Assembly-CSharp.csproj", "{D52C1797-1972-00F4-9A36-C481A2ABE588}"
EndProject
Project("{FAE04EC0-301F-11D3-BF4B-00C04F79EFBC}") = "Assembly-CSharp-Editor", "Assembly-CSharp-Editor.csproj", "{58493383-0890-6D57-EFB9-ED21DB170295}"
EndProject
Global
	GlobalSection(SolutionConfigurationPlatforms) = preSolution
		Debug|Any CPU = Debug|Any CPU
		Release|Any CPU = Release|Any CPU
	EndGlobalSection
	GlobalSection(ProjectConfigurationPlatforms) = postSolution
		{D52C1797-1972-00F4-9A36-C481A2ABE588}.Debug|Any CPU.ActiveCfg = Debug|Any CPU
		{D52C1797-1972-00F4-9A36-C481A2ABE588}.Debug|Any CPU.Build.0 = Debug|Any CPU
		{D52C1797-1972-00F4-9A36-C481A2ABE588}.Release|Any CPU.ActiveCfg = Release|Any CPU
		{D52C1797-1972-00F4-9A36-C481A2ABE588}.Release|Any CPU.Build.0 = Release|Any CPU
		{58493383-0890-6D57-EFB9-ED21DB170295}.Debug|Any CPU.ActiveCfg = Debug|Any CPU
		{58493383-0890-6D57-EFB9-ED21DB170295}.Debug|Any CPU.Build.0 = Debug|Any CPU
		{58493383-0890-6D57-EFB9-ED21DB170295}.Release|Any CPU.ActiveCfg = Release|Any CPU
		{58493383-0890-6D57-EFB9-ED21DB170295}.Release|Any CPU.Build.0 = Release|Any CPU
	EndGlobalSection
	GlobalSection(SolutionProperties) = preSolution
		HideSolutionNode = FALSE
	EndGlobalSection
EndGlobal
